# This file is generated by running "yarn install" inside your project.
# Manual changes might be lost - proceed with caution!

__metadata:
  version: 6
  cacheKey: 8

"@esbuild/android-arm64@npm:0.19.2":
  version: 0.19.2
  resolution: "@esbuild/android-arm64@npm:0.19.2"
  conditions: os=android & cpu=arm64
  languageName: node
  linkType: hard

"@esbuild/android-arm@npm:0.19.2":
  version: 0.19.2
  resolution: "@esbuild/android-arm@npm:0.19.2"
  conditions: os=android & cpu=arm
  languageName: node
  linkType: hard

"@esbuild/android-x64@npm:0.19.2":
  version: 0.19.2
  resolution: "@esbuild/android-x64@npm:0.19.2"
  conditions: os=android & cpu=x64
  languageName: node
  linkType: hard

"@esbuild/darwin-arm64@npm:0.19.2":
  version: 0.19.2
  resolution: "@esbuild/darwin-arm64@npm:0.19.2"
  conditions: os=darwin & cpu=arm64
  languageName: node
  linkType: hard

"@esbuild/darwin-x64@npm:0.19.2":
  version: 0.19.2
  resolution: "@esbuild/darwin-x64@npm:0.19.2"
  conditions: os=darwin & cpu=x64
  languageName: node
  linkType: hard

"@esbuild/freebsd-arm64@npm:0.19.2":
  version: 0.19.2
  resolution: "@esbuild/freebsd-arm64@npm:0.19.2"
  conditions: os=freebsd & cpu=arm64
  languageName: node
  linkType: hard

"@esbuild/freebsd-x64@npm:0.19.2":
  version: 0.19.2
  resolution: "@esbuild/freebsd-x64@npm:0.19.2"
  conditions: os=freebsd & cpu=x64
  languageName: node
  linkType: hard

"@esbuild/linux-arm64@npm:0.19.2":
  version: 0.19.2
  resolution: "@esbuild/linux-arm64@npm:0.19.2"
  conditions: os=linux & cpu=arm64
  languageName: node
  linkType: hard

"@esbuild/linux-arm@npm:0.19.2":
  version: 0.19.2
  resolution: "@esbuild/linux-arm@npm:0.19.2"
  conditions: os=linux & cpu=arm
  languageName: node
  linkType: hard

"@esbuild/linux-ia32@npm:0.19.2":
  version: 0.19.2
  resolution: "@esbuild/linux-ia32@npm:0.19.2"
  conditions: os=linux & cpu=ia32
  languageName: node
  linkType: hard

"@esbuild/linux-loong64@npm:0.19.2":
  version: 0.19.2
  resolution: "@esbuild/linux-loong64@npm:0.19.2"
  conditions: os=linux & cpu=loong64
  languageName: node
  linkType: hard

"@esbuild/linux-mips64el@npm:0.19.2":
  version: 0.19.2
  resolution: "@esbuild/linux-mips64el@npm:0.19.2"
  conditions: os=linux & cpu=mips64el
  languageName: node
  linkType: hard

"@esbuild/linux-ppc64@npm:0.19.2":
  version: 0.19.2
  resolution: "@esbuild/linux-ppc64@npm:0.19.2"
  conditions: os=linux & cpu=ppc64
  languageName: node
  linkType: hard

"@esbuild/linux-riscv64@npm:0.19.2":
  version: 0.19.2
  resolution: "@esbuild/linux-riscv64@npm:0.19.2"
  conditions: os=linux & cpu=riscv64
  languageName: node
  linkType: hard

"@esbuild/linux-s390x@npm:0.19.2":
  version: 0.19.2
  resolution: "@esbuild/linux-s390x@npm:0.19.2"
  conditions: os=linux & cpu=s390x
  languageName: node
  linkType: hard

"@esbuild/linux-x64@npm:0.19.2":
  version: 0.19.2
  resolution: "@esbuild/linux-x64@npm:0.19.2"
  conditions: os=linux & cpu=x64
  languageName: node
  linkType: hard

"@esbuild/netbsd-x64@npm:0.19.2":
  version: 0.19.2
  resolution: "@esbuild/netbsd-x64@npm:0.19.2"
  conditions: os=netbsd & cpu=x64
  languageName: node
  linkType: hard

"@esbuild/openbsd-x64@npm:0.19.2":
  version: 0.19.2
  resolution: "@esbuild/openbsd-x64@npm:0.19.2"
  conditions: os=openbsd & cpu=x64
  languageName: node
  linkType: hard

"@esbuild/sunos-x64@npm:0.19.2":
  version: 0.19.2
  resolution: "@esbuild/sunos-x64@npm:0.19.2"
  conditions: os=sunos & cpu=x64
  languageName: node
  linkType: hard

"@esbuild/win32-arm64@npm:0.19.2":
  version: 0.19.2
  resolution: "@esbuild/win32-arm64@npm:0.19.2"
  conditions: os=win32 & cpu=arm64
  languageName: node
  linkType: hard

"@esbuild/win32-ia32@npm:0.19.2":
  version: 0.19.2
  resolution: "@esbuild/win32-ia32@npm:0.19.2"
  conditions: os=win32 & cpu=ia32
  languageName: node
  linkType: hard

"@esbuild/win32-x64@npm:0.19.2":
  version: 0.19.2
  resolution: "@esbuild/win32-x64@npm:0.19.2"
  conditions: os=win32 & cpu=x64
  languageName: node
  linkType: hard

"@types/node@npm:^20.5.0":
  version: 20.5.0
  resolution: "@types/node@npm:20.5.0"
  checksum: 659bc5fc93b5c02bd88ca4bfae4f6b9dc307d45884d1dd9d69df85819a9943cdc00cd3c87eec3048866df6a67f52297f74d170e47a44f61edb3e8f770d94e85e
  languageName: node
  linkType: hard

"dtsc@npm:^2.3.0":
  version: 2.3.0
  resolution: "dtsc@npm:2.3.0"
  dependencies:
    tsconfig-utils: ^3.0.0
  peerDependencies:
    typescript: "*"
  bin:
    dtsc: lib/bin.js
  checksum: 7ec872e130b8fea7b24be3c5d2a40b1459babca8ee19aa48c25ed64b6094798d8888fcef42c1820dfe6ef6e9c27d3ade25b50bcdd736a79254a5b14e5daad46a
  languageName: node
  linkType: hard

"esbuild@npm:^0.19.2":
  version: 0.19.2
  resolution: "esbuild@npm:0.19.2"
  dependencies:
    "@esbuild/android-arm": 0.19.2
    "@esbuild/android-arm64": 0.19.2
    "@esbuild/android-x64": 0.19.2
    "@esbuild/darwin-arm64": 0.19.2
    "@esbuild/darwin-x64": 0.19.2
    "@esbuild/freebsd-arm64": 0.19.2
    "@esbuild/freebsd-x64": 0.19.2
    "@esbuild/linux-arm": 0.19.2
    "@esbuild/linux-arm64": 0.19.2
    "@esbuild/linux-ia32": 0.19.2
    "@esbuild/linux-loong64": 0.19.2
    "@esbuild/linux-mips64el": 0.19.2
    "@esbuild/linux-ppc64": 0.19.2
    "@esbuild/linux-riscv64": 0.19.2
    "@esbuild/linux-s390x": 0.19.2
    "@esbuild/linux-x64": 0.19.2
    "@esbuild/netbsd-x64": 0.19.2
    "@esbuild/openbsd-x64": 0.19.2
    "@esbuild/sunos-x64": 0.19.2
    "@esbuild/win32-arm64": 0.19.2
    "@esbuild/win32-ia32": 0.19.2
    "@esbuild/win32-x64": 0.19.2
  dependenciesMeta:
    "@esbuild/android-arm":
      optional: true
    "@esbuild/android-arm64":
      optional: true
    "@esbuild/android-x64":
      optional: true
    "@esbuild/darwin-arm64":
      optional: true
    "@esbuild/darwin-x64":
      optional: true
    "@esbuild/freebsd-arm64":
      optional: true
    "@esbuild/freebsd-x64":
      optional: true
    "@esbuild/linux-arm":
      optional: true
    "@esbuild/linux-arm64":
      optional: true
    "@esbuild/linux-ia32":
      optional: true
    "@esbuild/linux-loong64":
      optional: true
    "@esbuild/linux-mips64el":
      optional: true
    "@esbuild/linux-ppc64":
      optional: true
    "@esbuild/linux-riscv64":
      optional: true
    "@esbuild/linux-s390x":
      optional: true
    "@esbuild/linux-x64":
      optional: true
    "@esbuild/netbsd-x64":
      optional: true
    "@esbuild/openbsd-x64":
      optional: true
    "@esbuild/sunos-x64":
      optional: true
    "@esbuild/win32-arm64":
      optional: true
    "@esbuild/win32-ia32":
      optional: true
    "@esbuild/win32-x64":
      optional: true
  bin:
    esbuild: bin/esbuild
  checksum: f9ad8ad4f0cbcc675c059f2676c4458d75307af20f9168859de8642accd7f2b7d6bbe8286a23633790dcba07d1d66a8f63c204ea933a0d51300c1b69d4f25d8f
  languageName: node
  linkType: hard

"json5@npm:^2.2.3":
  version: 2.2.3
  resolution: "json5@npm:2.2.3"
  bin:
    json5: lib/cli.js
  checksum: 2a7436a93393830bce797d4626275152e37e877b265e94ca69c99e3d20c2b9dab021279146a39cdb700e71b2dd32a4cebd1514cd57cee102b1af906ce5040349
  languageName: node
  linkType: hard

"node-silk-encode@workspace:.":
  version: 0.0.0-use.local
  resolution: "node-silk-encode@workspace:."
  dependencies:
    "@types/node": ^20.5.0
    dtsc: ^2.3.0
    esbuild: ^0.19.2
    typescript: ^5.1.6
  languageName: unknown
  linkType: soft

"tsconfig-utils@npm:^3.0.0":
  version: 3.1.3
  resolution: "tsconfig-utils@npm:3.1.3"
  dependencies:
    json5: ^2.2.3
  peerDependencies:
    typescript: "*"
  checksum: b9230fd46ecb819bbdd871a82065d73c5204382800c3aa111c65631c2bb6b6c1a17e1ffa326f60e2b69ffc73eadb12269a6e53d2544ab1585c22132477dfa42c
  languageName: node
  linkType: hard

"typescript@npm:^5.1.6":
  version: 5.1.6
  resolution: "typescript@npm:5.1.6"
  bin:
    tsc: bin/tsc
    tsserver: bin/tsserver
  checksum: b2f2c35096035fe1f5facd1e38922ccb8558996331405eb00a5111cc948b2e733163cc22fab5db46992aba7dd520fff637f2c1df4996ff0e134e77d3249a7350
  languageName: node
  linkType: hard

"typescript@patch:typescript@^5.1.6#~builtin<compat/typescript>":
  version: 5.1.6
  resolution: "typescript@patch:typescript@npm%3A5.1.6#~builtin<compat/typescript>::version=5.1.6&hash=77c9e2"
  bin:
    tsc: bin/tsc
    tsserver: bin/tsserver
  checksum: 21e88b0a0c0226f9cb9fd25b9626fb05b4c0f3fddac521844a13e1f30beb8f14e90bd409a9ac43c812c5946d714d6e0dee12d5d02dfc1c562c5aacfa1f49b606
  languageName: node
  linkType: hard
